{
    "_readme": [
        "This file locks the dependencies of your project to a known state",
        "Read more about it at https://getcomposer.org/doc/01-basic-usage.md#installing-dependencies",
        "This file is @generated automatically"
    ],
    "content-hash": "b9da415d3fa0c44899d70582ed461a9a",
    "packages": [
        {
            "name": "wpboilerplate/wpb-buddyboss-dependency",
            "version": "dev-main",
            "source": {
                "type": "git",
                "url": "https://github.com/WPBoilerplate/wpb-buddyboss-dependency.git",
                "reference": "91d6b3bb1f7c6a945c00aeaa06c4dadee70ae1dd"
            },
            "dist": {
                "type": "zip",
                "url": "https://api.github.com/repos/WPBoilerplate/wpb-buddyboss-dependency/zipball/91d6b3bb1f7c6a945c00aeaa06c4dadee70ae1dd",
                "reference": "91d6b3bb1f7c6a945c00aeaa06c4dadee70ae1dd",
                "shasum": ""
            },
            "require": {
                "wpboilerplate/wpb-dependency": "dev-main"
            },
            "default-branch": true,
            "type": "library",
            "autoload": {
                "files": [
                    "index.php"
                ]
            },
            "notification-url": "https://packagist.org/downloads/",
            "license": [
                "GPL-2.0-or-later"
            ],
            "authors": [
                {
                    "name": "WPBoilerplate"
                }
            ],
            "description": "Composer to autoload the AcrossWP Dependency Class",
            "homepage": "https://github.com/WPBoilerplate/wpb-buddyboss-dependency",
            "keywords": [
                "plugin",
                "wordpress"
            ],
            "support": {
                "issues": "https://github.com/WPBoilerplate/wpb-buddyboss-dependency/issues",
                "source": "https://github.com/WPBoilerplate/wpb-buddyboss-dependency/tree/main"
            },
            "time": "2024-08-16T15:21:15+00:00"
        },
        {
            "name": "wpboilerplate/wpb-dependency",
            "version": "dev-main",
            "source": {
                "type": "git",
                "url": "https://github.com/WPBoilerplate/wpb-dependency.git",
                "reference": "36548977a9abcd7d61448666fadca37220fdc053"
            },
            "dist": {
                "type": "zip",
                "url": "https://api.github.com/repos/WPBoilerplate/wpb-dependency/zipball/36548977a9abcd7d61448666fadca37220fdc053",
                "reference": "36548977a9abcd7d61448666fadca37220fdc053",
                "shasum": ""
            },
            "default-branch": true,
            "type": "library",
            "autoload": {
                "files": [
                    "index.php"
                ]
            },
            "notification-url": "https://packagist.org/downloads/",
            "license": [
                "GPL-2.0-or-later"
            ],
            "authors": [
                {
                    "name": "WPBoilerplate"
                }
            ],
            "description": "Composer to autoload the AcrossWP Dependency Class",
            "homepage": "https://github.com/WPBoilerplate/wpb-dependency/",
            "keywords": [
                "plugin",
                "wordpress"
            ],
            "support": {
                "issues": "https://github.com/WPBoilerplate/wpb-dependency/issues",
                "source": "https://github.com/WPBoilerplate/wpb-dependency/tree/main"
            },
            "time": "2024-08-06T19:55:02+00:00"
        }
    ],
    "packages-dev": [],
    "aliases": [],
    "minimum-stability": "dev",
    "stability-flags": {
        "wpboilerplate/wpb-buddyboss-dependency": 20
    },
    "prefer-stable": false,
    "prefer-lowest": false,
    "platform": {},
    "platform-dev": {},
    "plugin-api-version": "2.6.0"
}
